
Microsoft Visual Studio Solution File, Format Version 12.00
# Visual Studio Version 17
VisualStudioVersion = 17.0.31825.309
MinimumVisualStudioVersion = 10.0.40219.1
Project("{8BC9CEB8-8B4A-11D0-8D11-00A0C91BC942}") = "Comnet", "Comnet.vcxproj", "{A803484B-0BA8-4DDB-8E0B-707966192555}"
EndProject
Global
	GlobalSection(SolutionConfigurationPlatforms) = preSolution
		Debug|x64 = Debug|x64
		Debug|x86 = Debug|x86
		Release|x64 = Release|x64
		Release|x86 = Release|x86
	EndGlobalSection
	GlobalSection(ProjectConfigurationPlatforms) = postSolution
		{A803484B-0BA8-4DDB-8E0B-707966192555}.Debug|x64.ActiveCfg = Debug|x64
		{A803484B-0BA8-4DDB-8E0B-707966192555}.Debug|x64.Build.0 = Debug|x64
		{A803484B-0BA8-4DDB-8E0B-707966192555}.Debug|x86.ActiveCfg = Debug|Win32
		{A803484B-0BA8-4DDB-8E0B-707966192555}.Debug|x86.Build.0 = Debug|Win32
		{A803484B-0BA8-4DDB-8E0B-707966192555}.Release|x64.ActiveCfg = Release|x64
		{A803484B-0BA8-4DDB-8E0B-707966192555}.Release|x64.Build.0 = Release|x64
		{A803484B-0BA8-4DDB-8E0B-707966192555}.Release|x86.ActiveCfg = Release|Win32
		{A803484B-0BA8-4DDB-8E0B-707966192555}.Release|x86.Build.0 = Release|Win32
	EndGlobalSection
	GlobalSection(SolutionProperties) = preSolution
		HideSolutionNode = FALSE
	EndGlobalSection
	GlobalSection(ExtensibilityGlobals) = postSolution
		SolutionGuid = {B9FA97F8-8C78-43F5-9073-B7E29CDABD56}
	EndGlobalSection
EndGlobal
